<?xml version="1.0" encoding="utf-8"?>
<Project ToolsVersion="4.0" xmlns="http://schemas.microsoft.com/developer/msbuild/2003">
  <ItemGroup>
    <ClCompile Include="Source\Main.cpp" />
    <ClCompile Include="Source\Akiyosi\Akiyosi.cpp">
      <Filter>Akiyosi</Filter>
    </ClCompile>
    <ClCompile Include="Source\Animation\Animation.cpp">
      <Filter>Animation</Filter>
    </ClCompile>
    <ClCompile Include="Source\Camera\Camera.cpp">
      <Filter>Camera</Filter>
    </ClCompile>
    <ClCompile Include="Source\Collision\Collision.cpp">
      <Filter>Collision</Filter>
    </ClCompile>
    <ClCompile Include="Source\Enemy\EnemyManader.cpp">
      <Filter>Enemy</Filter>
    </ClCompile>
    <ClCompile Include="Source\Enemy\FullarmorEnemy\FullarmorEnemy.cpp">
      <Filter>Enemy\FullArmEnemy</Filter>
    </ClCompile>
    <ClCompile Include="Source\Enemy\HelmetEnemy\HelmetEnemy.cpp">
      <Filter>Enemy\HelmetEnemy</Filter>
    </ClCompile>
    <ClCompile Include="Source\Enemy\Goal\Goal.cpp">
      <Filter>Enemy\Goal</Filter>
    </ClCompile>
    <ClCompile Include="Source\Enemy\ShieldEnemy\ShieldEnemy.cpp">
      <Filter>Enemy\ShieldEnemy</Filter>
    </ClCompile>
    <ClCompile Include="Source\Enemy\YellowEnemy\YellowEnemy.cpp">
      <Filter>Enemy\YellowEnemy</Filter>
    </ClCompile>
    <ClCompile Include="Source\Enemy\NormalEnemy\NormalEnemy.cpp">
      <Filter>Enemy\NormalEnemy</Filter>
    </ClCompile>
    <ClCompile Include="Source\Input\Input.cpp">
      <Filter>Input</Filter>
    </ClCompile>
    <ClCompile Include="Source\Map\MapChip.cpp">
      <Filter>Map</Filter>
    </ClCompile>
    <ClCompile Include="Source\Map\MapManager.cpp">
      <Filter>Map</Filter>
    </ClCompile>
    <ClCompile Include="Source\Map\Block.cpp">
      <Filter>Map</Filter>
    </ClCompile>
    <ClCompile Include="Source\Player\Player.cpp">
      <Filter>Player</Filter>
    </ClCompile>
    <ClCompile Include="Source\Player\Attack\Attack.cpp">
      <Filter>Player\Attack</Filter>
    </ClCompile>
    <ClCompile Include="Source\Scene\ClearScene\ClearScene.cpp">
      <Filter>Scene\ClearScene</Filter>
    </ClCompile>
    <ClCompile Include="Source\Scene\GameOverScene\GameOverScene.cpp">
      <Filter>Scene\GameOverScene</Filter>
    </ClCompile>
    <ClCompile Include="Source\Scene\PlayScene\PlayScene.cpp">
      <Filter>Scene\PlayScene</Filter>
    </ClCompile>
    <ClCompile Include="Source\Scene\SceneManager.cpp">
      <Filter>Scene</Filter>
    </ClCompile>
    <ClCompile Include="Source\Scene\TestScene\TestSceneA.cpp">
      <Filter>Scene\TestScene</Filter>
    </ClCompile>
    <ClCompile Include="Source\Scene\TitleScene\TitleScene.cpp">
      <Filter>Scene\TitleScene</Filter>
    </ClCompile>
    <ClCompile Include="Source\Scene\TutorialScene\TutorialScene.cpp">
      <Filter>Scene\TutorialScene</Filter>
    </ClCompile>
    <ClCompile Include="Source\Timer\Timer.cpp">
      <Filter>Timer</Filter>
    </ClCompile>
<<<<<<< HEAD
    <ClCompile Include="Source\Sound\SoundManager.cpp">
      <Filter>Sound</Filter>
=======
    <ClCompile Include="Source\Player\Attack\Crush.cpp">
      <Filter>Player\Attack</Filter>
>>>>>>> ed7f76659705eed0806450e9a290994ee2053290
    </ClCompile>
  </ItemGroup>
  <ItemGroup>
    <ClInclude Include="Source\Akiyosi\Akiyosi.h">
      <Filter>Akiyosi</Filter>
    </ClInclude>
    <ClInclude Include="Source\Animation\Animation.h">
      <Filter>Animation</Filter>
    </ClInclude>
    <ClInclude Include="Source\Camera\Camera.h">
      <Filter>Camera</Filter>
    </ClInclude>
    <ClInclude Include="Source\Collision\Collision.h">
      <Filter>Collision</Filter>
    </ClInclude>
    <ClInclude Include="Source\Enemy\EnemyManager.h">
      <Filter>Enemy</Filter>
    </ClInclude>
    <ClInclude Include="Source\Enemy\EnemyParameter.h">
      <Filter>Enemy</Filter>
    </ClInclude>
    <ClInclude Include="Source\Enemy\FullarmorEnemy\FullarmorEnemy.h">
      <Filter>Enemy\FullArmEnemy</Filter>
    </ClInclude>
    <ClInclude Include="Source\Enemy\HelmetEnemy\HelmetEnemy.h">
      <Filter>Enemy\HelmetEnemy</Filter>
    </ClInclude>
    <ClInclude Include="Source\Enemy\Goal\Goal.h">
      <Filter>Enemy\Goal</Filter>
    </ClInclude>
    <ClInclude Include="Source\Enemy\ShieldEnemy\ShieldEnemy.h">
      <Filter>Enemy\ShieldEnemy</Filter>
    </ClInclude>
    <ClInclude Include="Source\Enemy\YellowEnemy\YellowEnemy.h">
      <Filter>Enemy\YellowEnemy</Filter>
    </ClInclude>
    <ClInclude Include="Source\Enemy\NormalEnemy\NormalEnemy.h">
      <Filter>Enemy\NormalEnemy</Filter>
    </ClInclude>
    <ClInclude Include="Source\GameSetting\GameSetting.h">
      <Filter>GameSetting</Filter>
    </ClInclude>
    <ClInclude Include="Source\Input\Input.h">
      <Filter>Input</Filter>
    </ClInclude>
    <ClInclude Include="Source\Map\MapChip.h">
      <Filter>Map</Filter>
    </ClInclude>
    <ClInclude Include="Source\Map\MapManager.h">
      <Filter>Map</Filter>
    </ClInclude>
    <ClInclude Include="Source\Map\MapParameter.h">
      <Filter>Map</Filter>
    </ClInclude>
    <ClInclude Include="Source\Map\Block.h">
      <Filter>Map</Filter>
    </ClInclude>
    <ClInclude Include="Source\Player\Player.h">
      <Filter>Player</Filter>
    </ClInclude>
    <ClInclude Include="Source\Player\Attack\Attack.h">
      <Filter>Player\Attack</Filter>
    </ClInclude>
    <ClInclude Include="Source\Scene\ClearScene\ClearScene.h">
      <Filter>Scene\ClearScene</Filter>
    </ClInclude>
    <ClInclude Include="Source\Scene\GameOverScene\GameOverScene.h">
      <Filter>Scene\GameOverScene</Filter>
    </ClInclude>
    <ClInclude Include="Source\Scene\PlayScene\PlayScene.h">
      <Filter>Scene\PlayScene</Filter>
    </ClInclude>
    <ClInclude Include="Source\Scene\SceneManager.h">
      <Filter>Scene</Filter>
    </ClInclude>
    <ClInclude Include="Source\Scene\TestScene\TestSceneA.h">
      <Filter>Scene\TestScene</Filter>
    </ClInclude>
    <ClInclude Include="Source\Scene\TitleScene\TitleScene.h">
      <Filter>Scene\TitleScene</Filter>
    </ClInclude>
    <ClInclude Include="Source\Scene\TutorialScene\TutorialScene.h">
      <Filter>Scene\TutorialScene</Filter>
    </ClInclude>
    <ClInclude Include="Source\Timer\Timer.h">
      <Filter>Timer</Filter>
    </ClInclude>
<<<<<<< HEAD
    <ClInclude Include="Source\Sound\SoundManager.h">
      <Filter>Sound</Filter>
=======
    <ClInclude Include="Source\Player\Attack\Crush.h">
      <Filter>Player\Attack</Filter>
>>>>>>> ed7f76659705eed0806450e9a290994ee2053290
    </ClInclude>
  </ItemGroup>
  <ItemGroup>
    <Filter Include="Akiyosi">
      <UniqueIdentifier>{7bb0ea00-d3b3-40c6-af18-acd25b0e997a}</UniqueIdentifier>
    </Filter>
    <Filter Include="Animation">
      <UniqueIdentifier>{e67b19d9-0af2-42a4-8e73-0af2a9441899}</UniqueIdentifier>
    </Filter>
    <Filter Include="Camera">
      <UniqueIdentifier>{465ede20-305b-4346-9f7d-a08db909e9d8}</UniqueIdentifier>
    </Filter>
    <Filter Include="Collision">
      <UniqueIdentifier>{0e23f3c8-b480-4f2b-a3d9-5b017c420b69}</UniqueIdentifier>
    </Filter>
    <Filter Include="Enemy">
      <UniqueIdentifier>{62032954-8636-4bf0-b1f1-bd711d9b534b}</UniqueIdentifier>
    </Filter>
    <Filter Include="Enemy\NormalEnemy">
      <UniqueIdentifier>{28773bb6-d604-4624-b27d-273abc007230}</UniqueIdentifier>
    </Filter>
    <Filter Include="Enemy\HelmetEnemy">
      <UniqueIdentifier>{5a8e7798-0c6d-43e2-b741-9b39adc502db}</UniqueIdentifier>
    </Filter>
    <Filter Include="Enemy\ShieldEnemy">
      <UniqueIdentifier>{5fb798c1-a7cf-459c-a569-56505fa645de}</UniqueIdentifier>
    </Filter>
    <Filter Include="Enemy\YellowEnemy">
      <UniqueIdentifier>{2db4b2c8-0b0f-4141-8609-58fa412bfc09}</UniqueIdentifier>
    </Filter>
    <Filter Include="Enemy\FullArmEnemy">
      <UniqueIdentifier>{807a8a9b-b54d-4ec4-80ba-c3369ea99805}</UniqueIdentifier>
    </Filter>
    <Filter Include="Enemy\Goal">
      <UniqueIdentifier>{e2df30ff-b658-4cae-b6ad-fab9a26f6114}</UniqueIdentifier>
    </Filter>
    <Filter Include="GameSetting">
      <UniqueIdentifier>{cd6687ae-e7e2-4060-95e7-7158971759af}</UniqueIdentifier>
    </Filter>
    <Filter Include="Input">
      <UniqueIdentifier>{7709f9f1-d549-4129-9613-265784aed114}</UniqueIdentifier>
    </Filter>
    <Filter Include="Map">
      <UniqueIdentifier>{c7884a0a-4835-407a-845b-9d6ab0e53624}</UniqueIdentifier>
    </Filter>
    <Filter Include="Player">
      <UniqueIdentifier>{cee211e5-df28-4735-9822-f4f917b27f12}</UniqueIdentifier>
    </Filter>
    <Filter Include="Player\Attack">
      <UniqueIdentifier>{7c88a188-5236-40ff-8342-4bb251e5b429}</UniqueIdentifier>
    </Filter>
    <Filter Include="Scene">
      <UniqueIdentifier>{1e2d21ba-4581-4601-a9b4-a10e4911264e}</UniqueIdentifier>
    </Filter>
    <Filter Include="Scene\ClearScene">
      <UniqueIdentifier>{402f06ef-2660-4a1e-ac47-af5d94ec4965}</UniqueIdentifier>
    </Filter>
    <Filter Include="Scene\GameOverScene">
      <UniqueIdentifier>{22f0fd0c-2d0c-4407-a1cc-28951cd43702}</UniqueIdentifier>
    </Filter>
    <Filter Include="Scene\PlayScene">
      <UniqueIdentifier>{308d6b54-9490-44ef-b357-3aaa6980826e}</UniqueIdentifier>
    </Filter>
    <Filter Include="Scene\TitleScene">
      <UniqueIdentifier>{ff26f703-e492-4e6f-a067-04274ff606d4}</UniqueIdentifier>
    </Filter>
    <Filter Include="Scene\TestScene">
      <UniqueIdentifier>{941dac76-ac58-4d90-9158-356cb0cad0e2}</UniqueIdentifier>
    </Filter>
    <Filter Include="Scene\TutorialScene">
      <UniqueIdentifier>{205ade54-f18d-4be9-a537-3c181ee54b50}</UniqueIdentifier>
    </Filter>
    <Filter Include="Timer">
      <UniqueIdentifier>{ab15d62f-f31f-4ce0-a041-122468389972}</UniqueIdentifier>
    </Filter>
    <Filter Include="Sound">
      <UniqueIdentifier>{119128a9-deba-4bba-b308-ae94f8649c9e}</UniqueIdentifier>
    </Filter>
  </ItemGroup>
</Project>