<?xml version="1.0" encoding="utf-8"?>
<Project ToolsVersion="4.0" xmlns="http://schemas.microsoft.com/developer/msbuild/2003">
  <ItemGroup>
    <Filter Include="Source">
      <UniqueIdentifier>{063f4ceb-d950-4ab4-aed1-cc4d5f660b8e}</UniqueIdentifier>
    </Filter>
    <Filter Include="Source\GameSetting">
      <UniqueIdentifier>{7a2de9ce-12fc-45f0-b429-38d63d4e698c}</UniqueIdentifier>
    </Filter>
    <Filter Include="Source\Scene">
      <UniqueIdentifier>{631d885a-cd75-49a0-aab4-927cc7ec411b}</UniqueIdentifier>
    </Filter>
    <Filter Include="Source\Scene\PlayScene">
      <UniqueIdentifier>{b10b9ecc-59dc-449b-b92f-71536383b484}</UniqueIdentifier>
    </Filter>
    <Filter Include="Source\Scene\TitleScene">
      <UniqueIdentifier>{9b49adae-de14-40de-8b7f-e2d5eab99075}</UniqueIdentifier>
    </Filter>
    <Filter Include="Source\Input">
      <UniqueIdentifier>{c6e9da07-a30e-4344-89ea-dfb6df55125e}</UniqueIdentifier>
    </Filter>
    <Filter Include="Source\Scene\TutorialScene">
      <UniqueIdentifier>{1e818f46-0812-4445-997a-4efdc310ee1c}</UniqueIdentifier>
    </Filter>
    <Filter Include="Source\Player">
      <UniqueIdentifier>{642abd61-8f5c-46ac-a27e-e64415c82b06}</UniqueIdentifier>
    </Filter>
    <Filter Include="Source\Camera">
      <UniqueIdentifier>{c4c0cbc3-2a24-48d5-b5e2-dcd292926885}</UniqueIdentifier>
    </Filter>
  </ItemGroup>
  <ItemGroup>
    <ClCompile Include="Source\Main.cpp">
      <Filter>Source</Filter>
    </ClCompile>
    <ClCompile Include="Source\Scene\PlayScene\PlayScene.cpp">
      <Filter>Source\Scene\PlayScene</Filter>
    </ClCompile>
    <ClCompile Include="Source\Scene\TitleScene\TitleScene.cpp">
      <Filter>Source\Scene\TitleScene</Filter>
    </ClCompile>
    <ClCompile Include="Source\Input\Input.cpp">
      <Filter>Source\Input</Filter>
    </ClCompile>
    <ClCompile Include="Source\Scene\SceneManager.cpp">
      <Filter>Source\Scene</Filter>
    </ClCompile>
    <ClCompile Include="Source\Scene\TutorialScene\TutorialScene.cpp">
      <Filter>Source\Scene\TutorialScene</Filter>
    </ClCompile>
    <ClCompile Include="Source\Player\Player.cpp">
      <Filter>Source\Player</Filter>
    </ClCompile>
    <ClCompile Include="Source\Camera\Camera.cpp">
      <Filter>Source\Camera</Filter>
    </ClCompile>
  </ItemGroup>
  <ItemGroup>
    <ClInclude Include="Source\GameSetting\GameSetting.h">
      <Filter>Source\GameSetting</Filter>
    </ClInclude>
    <ClInclude Include="Source\Scene\PlayScene\PlayScene.h">
      <Filter>Source\Scene\PlayScene</Filter>
    </ClInclude>
    <ClInclude Include="Source\Scene\TitleScene\TitleScene.h">
      <Filter>Source\Scene\TitleScene</Filter>
    </ClInclude>
    <ClInclude Include="Source\Input\Input.h">
      <Filter>Source\Input</Filter>
    </ClInclude>
    <ClInclude Include="Source\Scene\SceneManager.h">
      <Filter>Source\Scene</Filter>
    </ClInclude>
    <ClInclude Include="Source\Scene\TutorialScene\TutorialScene.h">
      <Filter>Source\Scene\TutorialScene</Filter>
    </ClInclude>
    <ClInclude Include="Source\Player\Player.h">
      <Filter>Source\Player</Filter>
    </ClInclude>
    <ClInclude Include="Source\Camera\Camera.h">
      <Filter>Source\Camera</Filter>
    </ClInclude>
  </ItemGroup>
</Project>